
Microsoft Visual Studio Solution File, Format Version 12.00
# Visual Studio Version 17
VisualStudioVersion = 17.1.32210.238
MinimumVisualStudioVersion = 10.0.40219.1
Project("{9A19103F-16F7-4668-BE54-9A1E7A4F7556}") = "AppliRabbit1", "AppliRabbit1\AppliRabbit1.csproj", "{CCFE755B-3019-4F91-8A94-BE8320088865}"
EndProject
Project("{9A19103F-16F7-4668-BE54-9A1E7A4F7556}") = "AppliRabbitConsumer", "AppliRabbitConsumer\AppliRabbitConsumer\AppliRabbitConsumer.csproj", "{C71FBBE5-C7B4-4661-B0C7-D0C4A9104D9F}"
EndProject
Project("{FAE04EC0-301F-11D3-BF4B-00C04F79EFBC}") = "ConsoleAppliRabbit", "ConsoleAppliRabbit\ConsoleAppliRabbit.csproj", "{852C3D61-4F9E-4845-82A1-4A2CC09003DC}"
EndProject
Global
	GlobalSection(SolutionConfigurationPlatforms) = preSolution
		Debug|Any CPU = Debug|Any CPU
		Release|Any CPU = Release|Any CPU
	EndGlobalSection
	GlobalSection(ProjectConfigurationPlatforms) = postSolution
		{CCFE755B-3019-4F91-8A94-BE8320088865}.Debug|Any CPU.ActiveCfg = Debug|Any CPU
		{CCFE755B-3019-4F91-8A94-BE8320088865}.Debug|Any CPU.Build.0 = Debug|Any CPU
		{CCFE755B-3019-4F91-8A94-BE8320088865}.Release|Any CPU.ActiveCfg = Release|Any CPU
		{CCFE755B-3019-4F91-8A94-BE8320088865}.Release|Any CPU.Build.0 = Release|Any CPU
		{C71FBBE5-C7B4-4661-B0C7-D0C4A9104D9F}.Debug|Any CPU.ActiveCfg = Debug|Any CPU
		{C71FBBE5-C7B4-4661-B0C7-D0C4A9104D9F}.Debug|Any CPU.Build.0 = Debug|Any CPU
		{C71FBBE5-C7B4-4661-B0C7-D0C4A9104D9F}.Release|Any CPU.ActiveCfg = Release|Any CPU
		{C71FBBE5-C7B4-4661-B0C7-D0C4A9104D9F}.Release|Any CPU.Build.0 = Release|Any CPU
		{852C3D61-4F9E-4845-82A1-4A2CC09003DC}.Debug|Any CPU.ActiveCfg = Debug|Any CPU
		{852C3D61-4F9E-4845-82A1-4A2CC09003DC}.Debug|Any CPU.Build.0 = Debug|Any CPU
		{852C3D61-4F9E-4845-82A1-4A2CC09003DC}.Release|Any CPU.ActiveCfg = Release|Any CPU
		{852C3D61-4F9E-4845-82A1-4A2CC09003DC}.Release|Any CPU.Build.0 = Release|Any CPU
	EndGlobalSection
	GlobalSection(SolutionProperties) = preSolution
		HideSolutionNode = FALSE
	EndGlobalSection
	GlobalSection(ExtensibilityGlobals) = postSolution
		SolutionGuid = {81BA798D-265F-4A44-B6A6-42A768D3EA7F}
	EndGlobalSection
EndGlobal
